
Microsoft Visual Studio Solution File, Format Version 12.00
# Visual Studio Version 16
VisualStudioVersion = 16.0.31321.278
MinimumVisualStudioVersion = 10.0.40219.1
Project("{FAE04EC0-301F-11D3-BF4B-00C04F79EFBC}") = "Pibotanic", "Pibotanic\Pibotanic.csproj", "{A712ADDD-8247-48E0-8193-1D4167BD6864}"
EndProject
Global
	GlobalSection(SolutionConfigurationPlatforms) = preSolution
		Debug|Any CPU = Debug|Any CPU
		Release|Any CPU = Release|Any CPU
	EndGlobalSection
	GlobalSection(ProjectConfigurationPlatforms) = postSolution
		{A712ADDD-8247-48E0-8193-1D4167BD6864}.Debug|Any CPU.ActiveCfg = Debug|Any CPU
		{A712ADDD-8247-48E0-8193-1D4167BD6864}.Debug|Any CPU.Build.0 = Debug|Any CPU
		{A712ADDD-8247-48E0-8193-1D4167BD6864}.Release|Any CPU.ActiveCfg = Release|Any CPU
		{A712ADDD-8247-48E0-8193-1D4167BD6864}.Release|Any CPU.Build.0 = Release|Any CPU
	EndGlobalSection
	GlobalSection(SolutionProperties) = preSolution
		HideSolutionNode = FALSE
	EndGlobalSection
	GlobalSection(ExtensibilityGlobals) = postSolution
		SolutionGuid = {6F4BC5B3-15B8-4D2C-9299-54534C8D0919}
	EndGlobalSection
EndGlobal
